
Microsoft Visual Studio Solution File, Format Version 12.00
# Visual Studio 15
VisualStudioVersion = 15.0.28010.2048
MinimumVisualStudioVersion = 10.0.40219.1
Project("{FAE04EC0-301F-11D3-BF4B-00C04F79EFBC}") = "SHCLiveStatReader", "SHCLiveStatReader\SHCLiveStatReader.csproj", "{CC049475-77CC-4FCE-9B59-649494A66141}"
EndProject
Global
	GlobalSection(SolutionConfigurationPlatforms) = preSolution
		Debug|Any CPU = Debug|Any CPU
		Release|Any CPU = Release|Any CPU
	EndGlobalSection
	GlobalSection(ProjectConfigurationPlatforms) = postSolution
		{CC049475-77CC-4FCE-9B59-649494A66141}.Debug|Any CPU.ActiveCfg = Debug|Any CPU
		{CC049475-77CC-4FCE-9B59-649494A66141}.Debug|Any CPU.Build.0 = Debug|Any CPU
		{CC049475-77CC-4FCE-9B59-649494A66141}.Release|Any CPU.ActiveCfg = Release|Any CPU
		{CC049475-77CC-4FCE-9B59-649494A66141}.Release|Any CPU.Build.0 = Release|Any CPU
	EndGlobalSection
	GlobalSection(SolutionProperties) = preSolution
		HideSolutionNode = FALSE
	EndGlobalSection
	GlobalSection(ExtensibilityGlobals) = postSolution
		SolutionGuid = {84A23AE1-E24A-441B-AE13-5EF0EF164527}
	EndGlobalSection
EndGlobal
